
Microsoft Visual Studio Solution File, Format Version 12.00
# Visual Studio Version 16
VisualStudioVersion = 16.0.31624.102
MinimumVisualStudioVersion = 10.0.40219.1
Project("{FAE04EC0-301F-11D3-BF4B-00C04F79EFBC}") = "ConsoleBiblioteca", "ConsoleBiblioteca\ConsoleBiblioteca.csproj", "{7A0D35FB-39FA-4AB2-B53C-4EBB78B1276A}"
EndProject
Global
	GlobalSection(SolutionConfigurationPlatforms) = preSolution
		Debug|Any CPU = Debug|Any CPU
		Release|Any CPU = Release|Any CPU
	EndGlobalSection
	GlobalSection(ProjectConfigurationPlatforms) = postSolution
		{7A0D35FB-39FA-4AB2-B53C-4EBB78B1276A}.Debug|Any CPU.ActiveCfg = Debug|Any CPU
		{7A0D35FB-39FA-4AB2-B53C-4EBB78B1276A}.Debug|Any CPU.Build.0 = Debug|Any CPU
		{7A0D35FB-39FA-4AB2-B53C-4EBB78B1276A}.Release|Any CPU.ActiveCfg = Release|Any CPU
		{7A0D35FB-39FA-4AB2-B53C-4EBB78B1276A}.Release|Any CPU.Build.0 = Release|Any CPU
	EndGlobalSection
	GlobalSection(SolutionProperties) = preSolution
		HideSolutionNode = FALSE
	EndGlobalSection
	GlobalSection(ExtensibilityGlobals) = postSolution
		SolutionGuid = {F5578E2F-1EAF-4410-9048-AF8B9DBC9579}
	EndGlobalSection
EndGlobal
